{
  "name": "raspio",
  "version": "3.0.0",
  "lockfileVersion": 1,
  "requires": true,
  "dependencies": {
    "bindings": {
      "version": "1.2.1",
      "resolved": "https://registry.npmjs.org/bindings/-/bindings-1.2.1.tgz",
      "integrity": "sha1-FK1hE4EtLTfXLme0ystLtyZQXxE="
    },
    "bluebird": {
      "version": "3.5.0",
      "resolved": "https://registry.npmjs.org/bluebird/-/bluebird-3.5.0.tgz",
      "integrity": "sha1-eRQg1/VR7qKJdFOop3ZT+WYG1nw="
    },
    "detect-rpi": {
      "version": "1.2.0",
      "resolved": "https://registry.npmjs.org/detect-rpi/-/detect-rpi-1.2.0.tgz",
      "integrity": "sha512-TZ/c0cJYSrcArJtNaKhqODeF6EhFvkhNvsVBXfnjCh3ZUhG7WVTDN/04l5EnghTEjq1sXauZLLAsJd8lmEHstA=="
    },
    "epoll": {
      "version": "0.1.22",
      "resolved": "https://registry.npmjs.org/epoll/-/epoll-0.1.22.tgz",
      "integrity": "sha1-GrmmN8/xGiCXDIiLHKIXi2TPUpE=",
      "requires": {
        "bindings": "1.2.1",
        "nan": "2.6.2"
      }
    },
    "lodash": {
      "version": "4.17.4",
      "resolved": "https://registry.npmjs.org/lodash/-/lodash-4.17.4.tgz",
      "integrity": "sha1-eCA6TRwyiuHYbcpkYONptX9AVa4="
    },
    "nan": {
      "version": "2.6.2",
      "resolved": "https://registry.npmjs.org/nan/-/nan-2.6.2.tgz",
      "integrity": "sha1-5P805slf37WuzAjeZZb0NgWn20U="
    },
    "onoff": {
      "version": "1.1.5",
      "resolved": "https://registry.npmjs.org/onoff/-/onoff-1.1.5.tgz",
      "integrity": "sha1-tkT9pSe4eJ60ZDwD9YIqqVclCu4=",
      "requires": {
        "epoll": "0.1.22"
      }
    }
  }
}
